
Microsoft Visual Studio Solution File, Format Version 12.00
# Visual Studio Version 16
VisualStudioVersion = 16.0.31727.386
MinimumVisualStudioVersion = 10.0.40219.1
Project("{9A19103F-16F7-4668-BE54-9A1E7A4F7556}") = "Moduit.Interview", "Moduit.Interview\Moduit.Interview.csproj", "{D02A2E6C-58EE-4A34-9036-CEA40BE6E996}"
EndProject
Project("{FAE04EC0-301F-11D3-BF4B-00C04F79EFBC}") = "Moduit.Interview.Core", "Moduit.Interview.Core\Moduit.Interview.Core.csproj", "{ECCF11CC-BE5B-4ECE-ADBE-2FEFC2BFD18B}"
EndProject
Global
	GlobalSection(SolutionConfigurationPlatforms) = preSolution
		Debug|Any CPU = Debug|Any CPU
		Release|Any CPU = Release|Any CPU
	EndGlobalSection
	GlobalSection(ProjectConfigurationPlatforms) = postSolution
		{D02A2E6C-58EE-4A34-9036-CEA40BE6E996}.Debug|Any CPU.ActiveCfg = Debug|Any CPU
		{D02A2E6C-58EE-4A34-9036-CEA40BE6E996}.Debug|Any CPU.Build.0 = Debug|Any CPU
		{D02A2E6C-58EE-4A34-9036-CEA40BE6E996}.Release|Any CPU.ActiveCfg = Release|Any CPU
		{D02A2E6C-58EE-4A34-9036-CEA40BE6E996}.Release|Any CPU.Build.0 = Release|Any CPU
		{ECCF11CC-BE5B-4ECE-ADBE-2FEFC2BFD18B}.Debug|Any CPU.ActiveCfg = Debug|Any CPU
		{ECCF11CC-BE5B-4ECE-ADBE-2FEFC2BFD18B}.Debug|Any CPU.Build.0 = Debug|Any CPU
		{ECCF11CC-BE5B-4ECE-ADBE-2FEFC2BFD18B}.Release|Any CPU.ActiveCfg = Release|Any CPU
		{ECCF11CC-BE5B-4ECE-ADBE-2FEFC2BFD18B}.Release|Any CPU.Build.0 = Release|Any CPU
	EndGlobalSection
	GlobalSection(SolutionProperties) = preSolution
		HideSolutionNode = FALSE
	EndGlobalSection
	GlobalSection(ExtensibilityGlobals) = postSolution
		SolutionGuid = {43AE72F2-C1C0-4B03-AB60-BD743AF56F5D}
	EndGlobalSection
EndGlobal
